
Microsoft Visual Studio Solution File, Format Version 12.00
# Visual Studio Version 16
VisualStudioVersion = 16.0.31624.102
MinimumVisualStudioVersion = 10.0.40219.1
Project("{FAE04EC0-301F-11D3-BF4B-00C04F79EFBC}") = "CrackmeByMiraii", "CrackmeByMiraii\CrackmeByMiraii.csproj", "{C264EEC9-25F3-4491-AEEB-08B0E5EC2E4B}"
EndProject
Global
	GlobalSection(SolutionConfigurationPlatforms) = preSolution
		Debug|Any CPU = Debug|Any CPU
		Release|Any CPU = Release|Any CPU
	EndGlobalSection
	GlobalSection(ProjectConfigurationPlatforms) = postSolution
		{C264EEC9-25F3-4491-AEEB-08B0E5EC2E4B}.Debug|Any CPU.ActiveCfg = Debug|Any CPU
		{C264EEC9-25F3-4491-AEEB-08B0E5EC2E4B}.Debug|Any CPU.Build.0 = Debug|Any CPU
		{C264EEC9-25F3-4491-AEEB-08B0E5EC2E4B}.Release|Any CPU.ActiveCfg = Release|Any CPU
		{C264EEC9-25F3-4491-AEEB-08B0E5EC2E4B}.Release|Any CPU.Build.0 = Release|Any CPU
	EndGlobalSection
	GlobalSection(SolutionProperties) = preSolution
		HideSolutionNode = FALSE
	EndGlobalSection
	GlobalSection(ExtensibilityGlobals) = postSolution
		SolutionGuid = {B63DFAF2-AF15-4CC5-973B-0FDE3DD80369}
	EndGlobalSection
EndGlobal
